// !$*UTF8*$!
{
	archiveVersion = 1;
	classes = {
	};
	objectVersion = 55;
	objects = {

/* Begin PBXBuildFile section */
		070068C02B111982006E7DD6 /* UpdateUserInfo.swift in Sources */ = {isa = PBXBuildFile; fileRef = 070068BF2B111981006E7DD6 /* UpdateUserInfo.swift */; };
		072640D72AFE7FD900492093 /* postDetailsVC.swift in Sources */ = {isa = PBXBuildFile; fileRef = 072640D62AFE7FD900492093 /* postDetailsVC.swift */; };
		072640D92AFEADB400492093 /* Comment.swift in Sources */ = {isa = PBXBuildFile; fileRef = 072640D82AFEADB400492093 /* Comment.swift */; };
		072640DB2AFEC13700492093 /* CommentTable.swift in Sources */ = {isa = PBXBuildFile; fileRef = 072640DA2AFEC13700492093 /* CommentTable.swift */; };
		0739D2982B00180B0020C2D7 /* utilties+StringURLToImage.swift in Sources */ = {isa = PBXBuildFile; fileRef = 0739D2972B00180B0020C2D7 /* utilties+StringURLToImage.swift */; };
		0739D29B2B001DD90020C2D7 /* NVActivityIndicatorView in Frameworks */ = {isa = PBXBuildFile; productRef = 0739D29A2B001DD90020C2D7 /* NVActivityIndicatorView */; };
		0739D29D2B001DD90020C2D7 /* NVActivityIndicatorViewExtended in Frameworks */ = {isa = PBXBuildFile; productRef = 0739D29C2B001DD90020C2D7 /* NVActivityIndicatorViewExtended */; };
		0739D29F2B0027EC0020C2D7 /* ShadowView.swift in Sources */ = {isa = PBXBuildFile; fileRef = 0739D29E2B0027EC0020C2D7 /* ShadowView.swift */; };
		0739D50E2AFAF08E00732226 /* Alamofire in Frameworks */ = {isa = PBXBuildFile; productRef = 0739D50D2AFAF08E00732226 /* Alamofire */; };
		073A96722AFAB23500317C97 /* AppDelegate.swift in Sources */ = {isa = PBXBuildFile; fileRef = 073A96712AFAB23500317C97 /* AppDelegate.swift */; };
		073A96742AFAB23500317C97 /* SceneDelegate.swift in Sources */ = {isa = PBXBuildFile; fileRef = 073A96732AFAB23500317C97 /* SceneDelegate.swift */; };
		073A96762AFAB23500317C97 /* PostsVC.swift in Sources */ = {isa = PBXBuildFile; fileRef = 073A96752AFAB23500317C97 /* PostsVC.swift */; };
		073A96792AFAB23500317C97 /* Main.storyboard in Resources */ = {isa = PBXBuildFile; fileRef = 073A96772AFAB23500317C97 /* Main.storyboard */; };
		073A967B2AFAB23900317C97 /* Assets.xcassets in Resources */ = {isa = PBXBuildFile; fileRef = 073A967A2AFAB23900317C97 /* Assets.xcassets */; };
		073A967E2AFAB23900317C97 /* LaunchScreen.storyboard in Resources */ = {isa = PBXBuildFile; fileRef = 073A967C2AFAB23900317C97 /* LaunchScreen.storyboard */; };
		073A96892AFAB23900317C97 /* swift_upTests.swift in Sources */ = {isa = PBXBuildFile; fileRef = 073A96882AFAB23900317C97 /* swift_upTests.swift */; };
		073A96932AFAB23A00317C97 /* swift_upUITests.swift in Sources */ = {isa = PBXBuildFile; fileRef = 073A96922AFAB23A00317C97 /* swift_upUITests.swift */; };
		073A96952AFAB23A00317C97 /* swift_upUITestsLaunchTests.swift in Sources */ = {isa = PBXBuildFile; fileRef = 073A96942AFAB23A00317C97 /* swift_upUITestsLaunchTests.swift */; };
		07408F642B050FE5004C1F6E /* SignInVC.swift in Sources */ = {isa = PBXBuildFile; fileRef = 07408F632B050FE4004C1F6E /* SignInVC.swift */; };
		074166282B0E4BE000532D8D /* createPost.swift in Sources */ = {isa = PBXBuildFile; fileRef = 074166272B0E4BE000532D8D /* createPost.swift */; };
		074566682B126563007A4173 /* IQKeyboardManagerSwift in Frameworks */ = {isa = PBXBuildFile; productRef = 074566672B126563007A4173 /* IQKeyboardManagerSwift */; };
		0748F5FC2AFC123400451276 /* postsCell.swift in Sources */ = {isa = PBXBuildFile; fileRef = 0748F5FB2AFC123300451276 /* postsCell.swift */; };
		0748F5FE2AFC31F300451276 /* User.swift in Sources */ = {isa = PBXBuildFile; fileRef = 0748F5FD2AFC31F300451276 /* User.swift */; };
		0770DA702B0A929C00625E93 /* tags.swift in Sources */ = {isa = PBXBuildFile; fileRef = 0770DA6F2B0A929C00625E93 /* tags.swift */; };
		0774D62F2B016F5400A4AA85 /* userProfileVC.swift in Sources */ = {isa = PBXBuildFile; fileRef = 0774D62E2B016F5400A4AA85 /* userProfileVC.swift */; };
		0774D6312B0170CE00A4AA85 /* UserInfo.swift in Sources */ = {isa = PBXBuildFile; fileRef = 0774D6302B0170CE00A4AA85 /* UserInfo.swift */; };
		0774D6332B01731F00A4AA85 /* UserLocation.swift in Sources */ = {isa = PBXBuildFile; fileRef = 0774D6322B01731F00A4AA85 /* UserLocation.swift */; };
		0774D6352B017C9200A4AA85 /* userPostsCell.swift in Sources */ = {isa = PBXBuildFile; fileRef = 0774D6342B017C9200A4AA85 /* userPostsCell.swift */; };
		07763AD32B0A6836006C6DA4 /* TagsVC.swift in Sources */ = {isa = PBXBuildFile; fileRef = 07763AD22B0A6835006C6DA4 /* TagsVC.swift */; };
		07763AD52B0A6A3A006C6DA4 /* TagsCell.swift in Sources */ = {isa = PBXBuildFile; fileRef = 07763AD42B0A6A3A006C6DA4 /* TagsCell.swift */; };
		07882DEE2B03A45E00B2E0F1 /* PostAPI.swift in Sources */ = {isa = PBXBuildFile; fileRef = 07882DED2B03A45E00B2E0F1 /* PostAPI.swift */; };
		07882DF02B03B2B300B2E0F1 /* PostDetailsAPI.swift in Sources */ = {isa = PBXBuildFile; fileRef = 07882DEF2B03B2B300B2E0F1 /* PostDetailsAPI.swift */; };
		07882DF22B040BDD00B2E0F1 /* RegisterVC.swift in Sources */ = {isa = PBXBuildFile; fileRef = 07882DF12B040BDD00B2E0F1 /* RegisterVC.swift */; };
		07AFC7042B09433000C70BE7 /* UserManger.swift in Sources */ = {isa = PBXBuildFile; fileRef = 07AFC7032B09433000C70BE7 /* UserManger.swift */; };
		07CBDBC92AFBEC2D00700E7F /* Post.swift in Sources */ = {isa = PBXBuildFile; fileRef = 07CBDBC82AFBEC1800700E7F /* Post.swift */; };
		07FD5E582AFADB3200C292E4 /* SwiftyJSON in Frameworks */ = {isa = PBXBuildFile; productRef = 07FD5E572AFADB3200C292E4 /* SwiftyJSON */; };
/* End PBXBuildFile section */

/* Begin PBXContainerItemProxy section */
		073A96852AFAB23900317C97 /* PBXContainerItemProxy */ = {
			isa = PBXContainerItemProxy;
			containerPortal = 073A96662AFAB23500317C97 /* Project object */;
			proxyType = 1;
			remoteGlobalIDString = 073A966D2AFAB23500317C97;
			remoteInfo = "swift-up";
		};
		073A968F2AFAB23900317C97 /* PBXContainerItemProxy */ = {
			isa = PBXContainerItemProxy;
			containerPortal = 073A96662AFAB23500317C97 /* Project object */;
			proxyType = 1;
			remoteGlobalIDString = 073A966D2AFAB23500317C97;
			remoteInfo = "swift-up";
		};
/* End PBXContainerItemProxy section */

/* Begin PBXFileReference section */
		070068BF2B111981006E7DD6 /* UpdateUserInfo.swift */ = {isa = PBXFileReference; lastKnownFileType = sourcecode.swift; path = UpdateUserInfo.swift; sourceTree = "<group>"; };
		072640D62AFE7FD900492093 /* postDetailsVC.swift */ = {isa = PBXFileReference; lastKnownFileType = sourcecode.swift; path = postDetailsVC.swift; sourceTree = "<group>"; };
		072640D82AFEADB400492093 /* Comment.swift */ = {isa = PBXFileReference; lastKnownFileType = sourcecode.swift; path = Comment.swift; sourceTree = "<group>"; };
		072640DA2AFEC13700492093 /* CommentTable.swift */ = {isa = PBXFileReference; lastKnownFileType = sourcecode.swift; path = CommentTable.swift; sourceTree = "<group>"; };
		0739D2972B00180B0020C2D7 /* utilties+StringURLToImage.swift */ = {isa = PBXFileReference; lastKnownFileType = sourcecode.swift; path = "utilties+StringURLToImage.swift"; sourceTree = "<group>"; };
		0739D29E2B0027EC0020C2D7 /* ShadowView.swift */ = {isa = PBXFileReference; lastKnownFileType = sourcecode.swift; path = ShadowView.swift; sourceTree = "<group>"; };
		073A966E2AFAB23500317C97 /* swift-up.app */ = {isa = PBXFileReference; explicitFileType = wrapper.application; includeInIndex = 0; path = "swift-up.app"; sourceTree = BUILT_PRODUCTS_DIR; };
		073A96712AFAB23500317C97 /* AppDelegate.swift */ = {isa = PBXFileReference; lastKnownFileType = sourcecode.swift; path = AppDelegate.swift; sourceTree = "<group>"; };
		073A96732AFAB23500317C97 /* SceneDelegate.swift */ = {isa = PBXFileReference; lastKnownFileType = sourcecode.swift; path = SceneDelegate.swift; sourceTree = "<group>"; };
		073A96752AFAB23500317C97 /* PostsVC.swift */ = {isa = PBXFileReference; lastKnownFileType = sourcecode.swift; path = PostsVC.swift; sourceTree = "<group>"; };
		073A96782AFAB23500317C97 /* Base */ = {isa = PBXFileReference; lastKnownFileType = file.storyboard; name = Base; path = Base.lproj/Main.storyboard; sourceTree = "<group>"; };
		073A967A2AFAB23900317C97 /* Assets.xcassets */ = {isa = PBXFileReference; lastKnownFileType = folder.assetcatalog; path = Assets.xcassets; sourceTree = "<group>"; };
		073A967D2AFAB23900317C97 /* Base */ = {isa = PBXFileReference; lastKnownFileType = file.storyboard; name = Base; path = Base.lproj/LaunchScreen.storyboard; sourceTree = "<group>"; };
		073A967F2AFAB23900317C97 /* Info.plist */ = {isa = PBXFileReference; lastKnownFileType = text.plist.xml; path = Info.plist; sourceTree = "<group>"; };
		073A96842AFAB23900317C97 /* swift-upTests.xctest */ = {isa = PBXFileReference; explicitFileType = wrapper.cfbundle; includeInIndex = 0; path = "swift-upTests.xctest"; sourceTree = BUILT_PRODUCTS_DIR; };
		073A96882AFAB23900317C97 /* swift_upTests.swift */ = {isa = PBXFileReference; lastKnownFileType = sourcecode.swift; path = swift_upTests.swift; sourceTree = "<group>"; };
		073A968E2AFAB23900317C97 /* swift-upUITests.xctest */ = {isa = PBXFileReference; explicitFileType = wrapper.cfbundle; includeInIndex = 0; path = "swift-upUITests.xctest"; sourceTree = BUILT_PRODUCTS_DIR; };
		073A96922AFAB23A00317C97 /* swift_upUITests.swift */ = {isa = PBXFileReference; lastKnownFileType = sourcecode.swift; path = swift_upUITests.swift; sourceTree = "<group>"; };
		073A96942AFAB23A00317C97 /* swift_upUITestsLaunchTests.swift */ = {isa = PBXFileReference; lastKnownFileType = sourcecode.swift; path = swift_upUITestsLaunchTests.swift; sourceTree = "<group>"; };
		07408F632B050FE4004C1F6E /* SignInVC.swift */ = {isa = PBXFileReference; lastKnownFileType = sourcecode.swift; path = SignInVC.swift; sourceTree = "<group>"; };
		074166272B0E4BE000532D8D /* createPost.swift */ = {isa = PBXFileReference; lastKnownFileType = sourcecode.swift; path = createPost.swift; sourceTree = "<group>"; };
		0748F5FB2AFC123300451276 /* postsCell.swift */ = {isa = PBXFileReference; lastKnownFileType = sourcecode.swift; path = postsCell.swift; sourceTree = "<group>"; };
		0748F5FD2AFC31F300451276 /* User.swift */ = {isa = PBXFileReference; lastKnownFileType = sourcecode.swift; path = User.swift; sourceTree = "<group>"; };
		0770DA6F2B0A929C00625E93 /* tags.swift */ = {isa = PBXFileReference; lastKnownFileType = sourcecode.swift; path = tags.swift; sourceTree = "<group>"; };
		0774D62E2B016F5400A4AA85 /* userProfileVC.swift */ = {isa = PBXFileReference; lastKnownFileType = sourcecode.swift; path = userProfileVC.swift; sourceTree = "<group>"; };
		0774D6302B0170CE00A4AA85 /* UserInfo.swift */ = {isa = PBXFileReference; lastKnownFileType = sourcecode.swift; path = UserInfo.swift; sourceTree = "<group>"; };
		0774D6322B01731F00A4AA85 /* UserLocation.swift */ = {isa = PBXFileReference; lastKnownFileType = sourcecode.swift; path = UserLocation.swift; sourceTree = "<group>"; };
		0774D6342B017C9200A4AA85 /* userPostsCell.swift */ = {isa = PBXFileReference; lastKnownFileType = sourcecode.swift; path = userPostsCell.swift; sourceTree = "<group>"; };
		07763AD22B0A6835006C6DA4 /* TagsVC.swift */ = {isa = PBXFileReference; lastKnownFileType = sourcecode.swift; path = TagsVC.swift; sourceTree = "<group>"; };
		07763AD42B0A6A3A006C6DA4 /* TagsCell.swift */ = {isa = PBXFileReference; lastKnownFileType = sourcecode.swift; path = TagsCell.swift; sourceTree = "<group>"; };
		07882DED2B03A45E00B2E0F1 /* PostAPI.swift */ = {isa = PBXFileReference; lastKnownFileType = sourcecode.swift; path = PostAPI.swift; sourceTree = "<group>"; };
		07882DEF2B03B2B300B2E0F1 /* PostDetailsAPI.swift */ = {isa = PBXFileReference; lastKnownFileType = sourcecode.swift; path = PostDetailsAPI.swift; sourceTree = "<group>"; };
		07882DF12B040BDD00B2E0F1 /* RegisterVC.swift */ = {isa = PBXFileReference; lastKnownFileType = sourcecode.swift; path = RegisterVC.swift; sourceTree = "<group>"; };
		07AFC7032B09433000C70BE7 /* UserManger.swift */ = {isa = PBXFileReference; lastKnownFileType = sourcecode.swift; path = UserManger.swift; sourceTree = "<group>"; };
		07CBDBC82AFBEC1800700E7F /* Post.swift */ = {isa = PBXFileReference; lastKnownFileType = sourcecode.swift; path = Post.swift; sourceTree = "<group>"; };
/* End PBXFileReference section */

/* Begin PBXFrameworksBuildPhase section */
		073A966B2AFAB23500317C97 /* Frameworks */ = {
			isa = PBXFrameworksBuildPhase;
			buildActionMask = 2147483647;
			files = (
				074566682B126563007A4173 /* IQKeyboardManagerSwift in Frameworks */,
				07FD5E582AFADB3200C292E4 /* SwiftyJSON in Frameworks */,
				0739D29D2B001DD90020C2D7 /* NVActivityIndicatorViewExtended in Frameworks */,
				0739D50E2AFAF08E00732226 /* Alamofire in Frameworks */,
				0739D29B2B001DD90020C2D7 /* NVActivityIndicatorView in Frameworks */,
			);
			runOnlyForDeploymentPostprocessing = 0;
		};
		073A96812AFAB23900317C97 /* Frameworks */ = {
			isa = PBXFrameworksBuildPhase;
			buildActionMask = 2147483647;
			files = (
			);
			runOnlyForDeploymentPostprocessing = 0;
		};
		073A968B2AFAB23900317C97 /* Frameworks */ = {
			isa = PBXFrameworksBuildPhase;
			buildActionMask = 2147483647;
			files = (
			);
			runOnlyForDeploymentPostprocessing = 0;
		};
/* End PBXFrameworksBuildPhase section */

/* Begin PBXGroup section */
		0739D2962B0017B60020C2D7 /* utilties */ = {
			isa = PBXGroup;
			children = (
				0739D2972B00180B0020C2D7 /* utilties+StringURLToImage.swift */,
				07AFC7032B09433000C70BE7 /* UserManger.swift */,
			);
			path = utilties;
			sourceTree = "<group>";
		};
		073A96652AFAB23500317C97 = {
			isa = PBXGroup;
			children = (
				073A96702AFAB23500317C97 /* swift-up */,
				073A96872AFAB23900317C97 /* swift-upTests */,
				073A96912AFAB23A00317C97 /* swift-upUITests */,
				073A966F2AFAB23500317C97 /* Products */,
			);
			sourceTree = "<group>";
		};
		073A966F2AFAB23500317C97 /* Products */ = {
			isa = PBXGroup;
			children = (
				073A966E2AFAB23500317C97 /* swift-up.app */,
				073A96842AFAB23900317C97 /* swift-upTests.xctest */,
				073A968E2AFAB23900317C97 /* swift-upUITests.xctest */,
			);
			name = Products;
			sourceTree = "<group>";
		};
		073A96702AFAB23500317C97 /* swift-up */ = {
			isa = PBXGroup;
			children = (
				07882DEC2B03A43300B2E0F1 /* Networking */,
				0739D2962B0017B60020C2D7 /* utilties */,
				07CBDBC72AFBEB5600700E7F /* ViewControllers */,
				07CBDBC62AFBEB4700700E7F /* Models */,
				07CBDBC52AFBEB3500700E7F /* views */,
				073A96712AFAB23500317C97 /* AppDelegate.swift */,
				073A96732AFAB23500317C97 /* SceneDelegate.swift */,
				073A96772AFAB23500317C97 /* Main.storyboard */,
				073A967A2AFAB23900317C97 /* Assets.xcassets */,
				073A967C2AFAB23900317C97 /* LaunchScreen.storyboard */,
				073A967F2AFAB23900317C97 /* Info.plist */,
			);
			path = "swift-up";
			sourceTree = "<group>";
		};
		073A96872AFAB23900317C97 /* swift-upTests */ = {
			isa = PBXGroup;
			children = (
				073A96882AFAB23900317C97 /* swift_upTests.swift */,
			);
			path = "swift-upTests";
			sourceTree = "<group>";
		};
		073A96912AFAB23A00317C97 /* swift-upUITests */ = {
			isa = PBXGroup;
			children = (
				073A96922AFAB23A00317C97 /* swift_upUITests.swift */,
				073A96942AFAB23A00317C97 /* swift_upUITestsLaunchTests.swift */,
			);
			path = "swift-upUITests";
			sourceTree = "<group>";
		};
		07882DEC2B03A43300B2E0F1 /* Networking */ = {
			isa = PBXGroup;
			children = (
				07882DED2B03A45E00B2E0F1 /* PostAPI.swift */,
				07882DEF2B03B2B300B2E0F1 /* PostDetailsAPI.swift */,
			);
			path = Networking;
			sourceTree = "<group>";
		};
		07CBDBC52AFBEB3500700E7F /* views */ = {
			isa = PBXGroup;
			children = (
				072640DA2AFEC13700492093 /* CommentTable.swift */,
				0739D29E2B0027EC0020C2D7 /* ShadowView.swift */,
				07763AD42B0A6A3A006C6DA4 /* TagsCell.swift */,
			);
			path = views;
			sourceTree = "<group>";
		};
		07CBDBC62AFBEB4700700E7F /* Models */ = {
			isa = PBXGroup;
			children = (
				07CBDBC82AFBEC1800700E7F /* Post.swift */,
				072640D82AFEADB400492093 /* Comment.swift */,
				0748F5FD2AFC31F300451276 /* User.swift */,
				0774D6302B0170CE00A4AA85 /* UserInfo.swift */,
				0774D6322B01731F00A4AA85 /* UserLocation.swift */,
				0770DA6F2B0A929C00625E93 /* tags.swift */,
			);
			path = Models;
			sourceTree = "<group>";
		};
		07CBDBC72AFBEB5600700E7F /* ViewControllers */ = {
			isa = PBXGroup;
			children = (
				07408F632B050FE4004C1F6E /* SignInVC.swift */,
				073A96752AFAB23500317C97 /* PostsVC.swift */,
				0774D62E2B016F5400A4AA85 /* userProfileVC.swift */,
				0748F5FB2AFC123300451276 /* postsCell.swift */,
				072640D62AFE7FD900492093 /* postDetailsVC.swift */,
				0774D6342B017C9200A4AA85 /* userPostsCell.swift */,
				07882DF12B040BDD00B2E0F1 /* RegisterVC.swift */,
				07763AD22B0A6835006C6DA4 /* TagsVC.swift */,
				074166272B0E4BE000532D8D /* createPost.swift */,
				070068BF2B111981006E7DD6 /* UpdateUserInfo.swift */,
			);
			path = ViewControllers;
			sourceTree = "<group>";
		};
/* End PBXGroup section */

/* Begin PBXNativeTarget section */
		073A966D2AFAB23500317C97 /* swift-up */ = {
			isa = PBXNativeTarget;
			buildConfigurationList = 073A96982AFAB23A00317C97 /* Build configuration list for PBXNativeTarget "swift-up" */;
			buildPhases = (
				073A966A2AFAB23500317C97 /* Sources */,
				073A966B2AFAB23500317C97 /* Frameworks */,
				073A966C2AFAB23500317C97 /* Resources */,
			);
			buildRules = (
			);
			dependencies = (
			);
			name = "swift-up";
			packageProductDependencies = (
				07FD5E572AFADB3200C292E4 /* SwiftyJSON */,
				0739D50D2AFAF08E00732226 /* Alamofire */,
				0739D29A2B001DD90020C2D7 /* NVActivityIndicatorView */,
				0739D29C2B001DD90020C2D7 /* NVActivityIndicatorViewExtended */,
				074566672B126563007A4173 /* IQKeyboardManagerSwift */,
			);
			productName = "swift-up";
			productReference = 073A966E2AFAB23500317C97 /* swift-up.app */;
			productType = "com.apple.product-type.application";
		};
		073A96832AFAB23900317C97 /* swift-upTests */ = {
			isa = PBXNativeTarget;
			buildConfigurationList = 073A969B2AFAB23A00317C97 /* Build configuration list for PBXNativeTarget "swift-upTests" */;
			buildPhases = (
				073A96802AFAB23900317C97 /* Sources */,
				073A96812AFAB23900317C97 /* Frameworks */,
				073A96822AFAB23900317C97 /* Resources */,
			);
			buildRules = (
			);
			dependencies = (
				073A96862AFAB23900317C97 /* PBXTargetDependency */,
			);
			name = "swift-upTests";
			productName = "swift-upTests";
			productReference = 073A96842AFAB23900317C97 /* swift-upTests.xctest */;
			productType = "com.apple.product-type.bundle.unit-test";
		};
		073A968D2AFAB23900317C97 /* swift-upUITests */ = {
			isa = PBXNativeTarget;
			buildConfigurationList = 073A969E2AFAB23A00317C97 /* Build configuration list for PBXNativeTarget "swift-upUITests" */;
			buildPhases = (
				073A968A2AFAB23900317C97 /* Sources */,
				073A968B2AFAB23900317C97 /* Frameworks */,
				073A968C2AFAB23900317C97 /* Resources */,
			);
			buildRules = (
			);
			dependencies = (
				073A96902AFAB23900317C97 /* PBXTargetDependency */,
			);
			name = "swift-upUITests";
			productName = "swift-upUITests";
			productReference = 073A968E2AFAB23900317C97 /* swift-upUITests.xctest */;
			productType = "com.apple.product-type.bundle.ui-testing";
		};
/* End PBXNativeTarget section */

/* Begin PBXProject section */
		073A96662AFAB23500317C97 /* Project object */ = {
			isa = PBXProject;
			attributes = {
				BuildIndependentTargetsInParallel = 1;
				LastSwiftUpdateCheck = 1320;
				LastUpgradeCheck = 1320;
				TargetAttributes = {
					073A966D2AFAB23500317C97 = {
						CreatedOnToolsVersion = 13.2;
					};
					073A96832AFAB23900317C97 = {
						CreatedOnToolsVersion = 13.2;
						TestTargetID = 073A966D2AFAB23500317C97;
					};
					073A968D2AFAB23900317C97 = {
						CreatedOnToolsVersion = 13.2;
						TestTargetID = 073A966D2AFAB23500317C97;
					};
				};
			};
			buildConfigurationList = 073A96692AFAB23500317C97 /* Build configuration list for PBXProject "swift-up" */;
			compatibilityVersion = "Xcode 13.0";
			developmentRegion = en;
			hasScannedForEncodings = 0;
			knownRegions = (
				en,
				Base,
			);
			mainGroup = 073A96652AFAB23500317C97;
			packageReferences = (
				07FD5E562AFADB3100C292E4 /* XCRemoteSwiftPackageReference "SwiftyJSON" */,
				0739D50C2AFAF08E00732226 /* XCRemoteSwiftPackageReference "Alamofire" */,
				0739D2992B001DD90020C2D7 /* XCRemoteSwiftPackageReference "NVActivityIndicatorView" */,
				070068BE2B10E452006E7DD6 /* XCRemoteSwiftPackageReference "swift-algorithms" */,
				074566662B126562007A4173 /* XCRemoteSwiftPackageReference "IQKeyboardManager" */,
			);
			productRefGroup = 073A966F2AFAB23500317C97 /* Products */;
			projectDirPath = "";
			projectRoot = "";
			targets = (
				073A966D2AFAB23500317C97 /* swift-up */,
				073A96832AFAB23900317C97 /* swift-upTests */,
				073A968D2AFAB23900317C97 /* swift-upUITests */,
			);
		};
/* End PBXProject section */

/* Begin PBXResourcesBuildPhase section */
		073A966C2AFAB23500317C97 /* Resources */ = {
			isa = PBXResourcesBuildPhase;
			buildActionMask = 2147483647;
			files = (
				073A967E2AFAB23900317C97 /* LaunchScreen.storyboard in Resources */,
				073A967B2AFAB23900317C97 /* Assets.xcassets in Resources */,
				073A96792AFAB23500317C97 /* Main.storyboard in Resources */,
			);
			runOnlyForDeploymentPostprocessing = 0;
		};
		073A96822AFAB23900317C97 /* Resources */ = {
			isa = PBXResourcesBuildPhase;
			buildActionMask = 2147483647;
			files = (
			);
			runOnlyForDeploymentPostprocessing = 0;
		};
		073A968C2AFAB23900317C97 /* Resources */ = {
			isa = PBXResourcesBuildPhase;
			buildActionMask = 2147483647;
			files = (
			);
			runOnlyForDeploymentPostprocessing = 0;
		};
/* End PBXResourcesBuildPhase section */

/* Begin PBXSourcesBuildPhase section */
		073A966A2AFAB23500317C97 /* Sources */ = {
			isa = PBXSourcesBuildPhase;
			buildActionMask = 2147483647;
			files = (
				072640DB2AFEC13700492093 /* CommentTable.swift in Sources */,
				0739D29F2B0027EC0020C2D7 /* ShadowView.swift in Sources */,
				073A96762AFAB23500317C97 /* PostsVC.swift in Sources */,
				0774D62F2B016F5400A4AA85 /* userProfileVC.swift in Sources */,
				070068C02B111982006E7DD6 /* UpdateUserInfo.swift in Sources */,
				073A96722AFAB23500317C97 /* AppDelegate.swift in Sources */,
				0774D6332B01731F00A4AA85 /* UserLocation.swift in Sources */,
				07882DF02B03B2B300B2E0F1 /* PostDetailsAPI.swift in Sources */,
				07408F642B050FE5004C1F6E /* SignInVC.swift in Sources */,
				0748F5FE2AFC31F300451276 /* User.swift in Sources */,
				072640D92AFEADB400492093 /* Comment.swift in Sources */,
				07882DEE2B03A45E00B2E0F1 /* PostAPI.swift in Sources */,
				073A96742AFAB23500317C97 /* SceneDelegate.swift in Sources */,
				07AFC7042B09433000C70BE7 /* UserManger.swift in Sources */,
				074166282B0E4BE000532D8D /* createPost.swift in Sources */,
				0774D6312B0170CE00A4AA85 /* UserInfo.swift in Sources */,
				0739D2982B00180B0020C2D7 /* utilties+StringURLToImage.swift in Sources */,
				0748F5FC2AFC123400451276 /* postsCell.swift in Sources */,
				07CBDBC92AFBEC2D00700E7F /* Post.swift in Sources */,
				0770DA702B0A929C00625E93 /* tags.swift in Sources */,
				07763AD32B0A6836006C6DA4 /* TagsVC.swift in Sources */,
				07763AD52B0A6A3A006C6DA4 /* TagsCell.swift in Sources */,
				07882DF22B040BDD00B2E0F1 /* RegisterVC.swift in Sources */,
				0774D6352B017C9200A4AA85 /* userPostsCell.swift in Sources */,
				072640D72AFE7FD900492093 /* postDetailsVC.swift in Sources */,
			);
			runOnlyForDeploymentPostprocessing = 0;
		};
		073A96802AFAB23900317C97 /* Sources */ = {
			isa = PBXSourcesBuildPhase;
			buildActionMask = 2147483647;
			files = (
				073A96892AFAB23900317C97 /* swift_upTests.swift in Sources */,
			);
			runOnlyForDeploymentPostprocessing = 0;
		};
		073A968A2AFAB23900317C97 /* Sources */ = {
			isa = PBXSourcesBuildPhase;
			buildActionMask = 2147483647;
			files = (
				073A96952AFAB23A00317C97 /* swift_upUITestsLaunchTests.swift in Sources */,
				073A96932AFAB23A00317C97 /* swift_upUITests.swift in Sources */,
			);
			runOnlyForDeploymentPostprocessing = 0;
		};
/* End PBXSourcesBuildPhase section */

/* Begin PBXTargetDependency section */
		073A96862AFAB23900317C97 /* PBXTargetDependency */ = {
			isa = PBXTargetDependency;
			target = 073A966D2AFAB23500317C97 /* swift-up */;
			targetProxy = 073A96852AFAB23900317C97 /* PBXContainerItemProxy */;
		};
		073A96902AFAB23900317C97 /* PBXTargetDependency */ = {
			isa = PBXTargetDependency;
			target = 073A966D2AFAB23500317C97 /* swift-up */;
			targetProxy = 073A968F2AFAB23900317C97 /* PBXContainerItemProxy */;
		};
/* End PBXTargetDependency section */

/* Begin PBXVariantGroup section */
		073A96772AFAB23500317C97 /* Main.storyboard */ = {
			isa = PBXVariantGroup;
			children = (
				073A96782AFAB23500317C97 /* Base */,
			);
			name = Main.storyboard;
			sourceTree = "<group>";
		};
		073A967C2AFAB23900317C97 /* LaunchScreen.storyboard */ = {
			isa = PBXVariantGroup;
			children = (
				073A967D2AFAB23900317C97 /* Base */,
			);
			name = LaunchScreen.storyboard;
			sourceTree = "<group>";
		};
/* End PBXVariantGroup section */

/* Begin XCBuildConfiguration section */
		073A96962AFAB23A00317C97 /* Debug */ = {
			isa = XCBuildConfiguration;
			buildSettings = {
				ALWAYS_SEARCH_USER_PATHS = NO;
				CLANG_ANALYZER_NONNULL = YES;
				CLANG_ANALYZER_NUMBER_OBJECT_CONVERSION = YES_AGGRESSIVE;
				CLANG_CXX_LANGUAGE_STANDARD = "gnu++17";
				CLANG_CXX_LIBRARY = "libc++";
				CLANG_ENABLE_MODULES = YES;
				CLANG_ENABLE_OBJC_ARC = YES;
				CLANG_ENABLE_OBJC_WEAK = YES;
				CLANG_WARN_BLOCK_CAPTURE_AUTORELEASING = YES;
				CLANG_WARN_BOOL_CONVERSION = YES;
				CLANG_WARN_COMMA = YES;
				CLANG_WARN_CONSTANT_CONVERSION = YES;
				CLANG_WARN_DEPRECATED_OBJC_IMPLEMENTATIONS = YES;
				CLANG_WARN_DIRECT_OBJC_ISA_USAGE = YES_ERROR;
				CLANG_WARN_DOCUMENTATION_COMMENTS = YES;
				CLANG_WARN_EMPTY_BODY = YES;
				CLANG_WARN_ENUM_CONVERSION = YES;
				CLANG_WARN_INFINITE_RECURSION = YES;
				CLANG_WARN_INT_CONVERSION = YES;
				CLANG_WARN_NON_LITERAL_NULL_CONVERSION = YES;
				CLANG_WARN_OBJC_IMPLICIT_RETAIN_SELF = YES;
				CLANG_WARN_OBJC_LITERAL_CONVERSION = YES;
				CLANG_WARN_OBJC_ROOT_CLASS = YES_ERROR;
				CLANG_WARN_QUOTED_INCLUDE_IN_FRAMEWORK_HEADER = YES;
				CLANG_WARN_RANGE_LOOP_ANALYSIS = YES;
				CLANG_WARN_STRICT_PROTOTYPES = YES;
				CLANG_WARN_SUSPICIOUS_MOVE = YES;
				CLANG_WARN_UNGUARDED_AVAILABILITY = YES_AGGRESSIVE;
				CLANG_WARN_UNREACHABLE_CODE = YES;
				CLANG_WARN__DUPLICATE_METHOD_MATCH = YES;
				COPY_PHASE_STRIP = NO;
				DEBUG_INFORMATION_FORMAT = dwarf;
				ENABLE_STRICT_OBJC_MSGSEND = YES;
				ENABLE_TESTABILITY = YES;
				GCC_C_LANGUAGE_STANDARD = gnu11;
				GCC_DYNAMIC_NO_PIC = NO;
				GCC_NO_COMMON_BLOCKS = YES;
				GCC_OPTIMIZATION_LEVEL = 0;
				GCC_PREPROCESSOR_DEFINITIONS = (
					"DEBUG=1",
					"$(inherited)",
				);
				GCC_WARN_64_TO_32_BIT_CONVERSION = YES;
				GCC_WARN_ABOUT_RETURN_TYPE = YES_ERROR;
				GCC_WARN_UNDECLARED_SELECTOR = YES;
				GCC_WARN_UNINITIALIZED_AUTOS = YES_AGGRESSIVE;
				GCC_WARN_UNUSED_FUNCTION = YES;
				GCC_WARN_UNUSED_VARIABLE = YES;
				IPHONEOS_DEPLOYMENT_TARGET = 15.2;
				MTL_ENABLE_DEBUG_INFO = INCLUDE_SOURCE;
				MTL_FAST_MATH = YES;
				ONLY_ACTIVE_ARCH = YES;
				SDKROOT = iphoneos;
				SWIFT_ACTIVE_COMPILATION_CONDITIONS = DEBUG;
				SWIFT_OPTIMIZATION_LEVEL = "-Onone";
			};
			name = Debug;
		};
		073A96972AFAB23A00317C97 /* Release */ = {
			isa = XCBuildConfiguration;
			buildSettings = {
				ALWAYS_SEARCH_USER_PATHS = NO;
				CLANG_ANALYZER_NONNULL = YES;
				CLANG_ANALYZER_NUMBER_OBJECT_CONVERSION = YES_AGGRESSIVE;
				CLANG_CXX_LANGUAGE_STANDARD = "gnu++17";
				CLANG_CXX_LIBRARY = "libc++";
				CLANG_ENABLE_MODULES = YES;
				CLANG_ENABLE_OBJC_ARC = YES;
				CLANG_ENABLE_OBJC_WEAK = YES;
				CLANG_WARN_BLOCK_CAPTURE_AUTORELEASING = YES;
				CLANG_WARN_BOOL_CONVERSION = YES;
				CLANG_WARN_COMMA = YES;
				CLANG_WARN_CONSTANT_CONVERSION = YES;
				CLANG_WARN_DEPRECATED_OBJC_IMPLEMENTATIONS = YES;
				CLANG_WARN_DIRECT_OBJC_ISA_USAGE = YES_ERROR;
				CLANG_WARN_DOCUMENTATION_COMMENTS = YES;
				CLANG_WARN_EMPTY_BODY = YES;
				CLANG_WARN_ENUM_CONVERSION = YES;
				CLANG_WARN_INFINITE_RECURSION = YES;
				CLANG_WARN_INT_CONVERSION = YES;
				CLANG_WARN_NON_LITERAL_NULL_CONVERSION = YES;
				CLANG_WARN_OBJC_IMPLICIT_RETAIN_SELF = YES;
				CLANG_WARN_OBJC_LITERAL_CONVERSION = YES;
				CLANG_WARN_OBJC_ROOT_CLASS = YES_ERROR;
				CLANG_WARN_QUOTED_INCLUDE_IN_FRAMEWORK_HEADER = YES;
				CLANG_WARN_RANGE_LOOP_ANALYSIS = YES;
				CLANG_WARN_STRICT_PROTOTYPES = YES;
				CLANG_WARN_SUSPICIOUS_MOVE = YES;
				CLANG_WARN_UNGUARDED_AVAILABILITY = YES_AGGRESSIVE;
				CLANG_WARN_UNREACHABLE_CODE = YES;
				CLANG_WARN__DUPLICATE_METHOD_MATCH = YES;
				COPY_PHASE_STRIP = NO;
				DEBUG_INFORMATION_FORMAT = "dwarf-with-dsym";
				ENABLE_NS_ASSERTIONS = NO;
				ENABLE_STRICT_OBJC_MSGSEND = YES;
				GCC_C_LANGUAGE_STANDARD = gnu11;
				GCC_NO_COMMON_BLOCKS = YES;
				GCC_WARN_64_TO_32_BIT_CONVERSION = YES;
				GCC_WARN_ABOUT_RETURN_TYPE = YES_ERROR;
				GCC_WARN_UNDECLARED_SELECTOR = YES;
				GCC_WARN_UNINITIALIZED_AUTOS = YES_AGGRESSIVE;
				GCC_WARN_UNUSED_FUNCTION = YES;
				GCC_WARN_UNUSED_VARIABLE = YES;
				IPHONEOS_DEPLOYMENT_TARGET = 15.2;
				MTL_ENABLE_DEBUG_INFO = NO;
				MTL_FAST_MATH = YES;
				SDKROOT = iphoneos;
				SWIFT_COMPILATION_MODE = wholemodule;
				SWIFT_OPTIMIZATION_LEVEL = "-O";
				VALIDATE_PRODUCT = YES;
			};
			name = Release;
		};
		073A96992AFAB23A00317C97 /* Debug */ = {
			isa = XCBuildConfiguration;
			buildSettings = {
				ASSETCATALOG_COMPILER_APPICON_NAME = AppIcon;
				ASSETCATALOG_COMPILER_GLOBAL_ACCENT_COLOR_NAME = AccentColor;
				CODE_SIGN_STYLE = Automatic;
				CURRENT_PROJECT_VERSION = 1;
				DEVELOPMENT_TEAM = CZAAVN9JAQ;
				GENERATE_INFOPLIST_FILE = YES;
				INFOPLIST_FILE = "swift-up/Info.plist";
				INFOPLIST_KEY_UIApplicationSupportsIndirectInputEvents = YES;
				INFOPLIST_KEY_UILaunchStoryboardName = LaunchScreen;
				INFOPLIST_KEY_UIMainStoryboardFile = Main;
				INFOPLIST_KEY_UISupportedInterfaceOrientations_iPad = "UIInterfaceOrientationPortrait UIInterfaceOrientationPortraitUpsideDown UIInterfaceOrientationLandscapeLeft UIInterfaceOrientationLandscapeRight";
				INFOPLIST_KEY_UISupportedInterfaceOrientations_iPhone = "UIInterfaceOrientationPortrait UIInterfaceOrientationLandscapeLeft UIInterfaceOrientationLandscapeRight";
				LD_RUNPATH_SEARCH_PATHS = (
					"$(inherited)",
					"@executable_path/Frameworks",
				);
				MARKETING_VERSION = 1.0;
				PRODUCT_BUNDLE_IDENTIFIER = "mr.barkat.swift-up";
				PRODUCT_NAME = "$(TARGET_NAME)";
				SWIFT_EMIT_LOC_STRINGS = YES;
				SWIFT_VERSION = 5.0;
				TARGETED_DEVICE_FAMILY = "1,2";
			};
			name = Debug;
		};
		073A969A2AFAB23A00317C97 /* Release */ = {
			isa = XCBuildConfiguration;
			buildSettings = {
				ASSETCATALOG_COMPILER_APPICON_NAME = AppIcon;
				ASSETCATALOG_COMPILER_GLOBAL_ACCENT_COLOR_NAME = AccentColor;
				CODE_SIGN_STYLE = Automatic;
				CURRENT_PROJECT_VERSION = 1;
				DEVELOPMENT_TEAM = CZAAVN9JAQ;
				GENERATE_INFOPLIST_FILE = YES;
				INFOPLIST_FILE = "swift-up/Info.plist";
				INFOPLIST_KEY_UIApplicationSupportsIndirectInputEvents = YES;
				INFOPLIST_KEY_UILaunchStoryboardName = LaunchScreen;
				INFOPLIST_KEY_UIMainStoryboardFile = Main;
				INFOPLIST_KEY_UISupportedInterfaceOrientations_iPad = "UIInterfaceOrientationPortrait UIInterfaceOrientationPortraitUpsideDown UIInterfaceOrientationLandscapeLeft UIInterfaceOrientationLandscapeRight";
				INFOPLIST_KEY_UISupportedInterfaceOrientations_iPhone = "UIInterfaceOrientationPortrait UIInterfaceOrientationLandscapeLeft UIInterfaceOrientationLandscapeRight";
				LD_RUNPATH_SEARCH_PATHS = (
					"$(inherited)",
					"@executable_path/Frameworks",
				);
				MARKETING_VERSION = 1.0;
				PRODUCT_BUNDLE_IDENTIFIER = "mr.barkat.swift-up";
				PRODUCT_NAME = "$(TARGET_NAME)";
				SWIFT_EMIT_LOC_STRINGS = YES;
				SWIFT_VERSION = 5.0;
				TARGETED_DEVICE_FAMILY = "1,2";
			};
			name = Release;
		};
		073A969C2AFAB23A00317C97 /* Debug */ = {
			isa = XCBuildConfiguration;
			buildSettings = {
				ALWAYS_EMBED_SWIFT_STANDARD_LIBRARIES = YES;
				BUNDLE_LOADER = "$(TEST_HOST)";
				CODE_SIGN_STYLE = Automatic;
				CURRENT_PROJECT_VERSION = 1;
				DEVELOPMENT_TEAM = CZAAVN9JAQ;
				GENERATE_INFOPLIST_FILE = YES;
				IPHONEOS_DEPLOYMENT_TARGET = 15.2;
				MARKETING_VERSION = 1.0;
				PRODUCT_BUNDLE_IDENTIFIER = "mr.barkat.swift-upTests";
				PRODUCT_NAME = "$(TARGET_NAME)";
				SWIFT_EMIT_LOC_STRINGS = NO;
				SWIFT_VERSION = 5.0;
				TARGETED_DEVICE_FAMILY = "1,2";
				TEST_HOST = "$(BUILT_PRODUCTS_DIR)/swift-up.app/swift-up";
			};
			name = Debug;
		};
		073A969D2AFAB23A00317C97 /* Release */ = {
			isa = XCBuildConfiguration;
			buildSettings = {
				ALWAYS_EMBED_SWIFT_STANDARD_LIBRARIES = YES;
				BUNDLE_LOADER = "$(TEST_HOST)";
				CODE_SIGN_STYLE = Automatic;
				CURRENT_PROJECT_VERSION = 1;
				DEVELOPMENT_TEAM = CZAAVN9JAQ;
				GENERATE_INFOPLIST_FILE = YES;
				IPHONEOS_DEPLOYMENT_TARGET = 15.2;
				MARKETING_VERSION = 1.0;
				PRODUCT_BUNDLE_IDENTIFIER = "mr.barkat.swift-upTests";
				PRODUCT_NAME = "$(TARGET_NAME)";
				SWIFT_EMIT_LOC_STRINGS = NO;
				SWIFT_VERSION = 5.0;
				TARGETED_DEVICE_FAMILY = "1,2";
				TEST_HOST = "$(BUILT_PRODUCTS_DIR)/swift-up.app/swift-up";
			};
			name = Release;
		};
		073A969F2AFAB23A00317C97 /* Debug */ = {
			isa = XCBuildConfiguration;
			buildSettings = {
				ALWAYS_EMBED_SWIFT_STANDARD_LIBRARIES = YES;
				CODE_SIGN_STYLE = Automatic;
				CURRENT_PROJECT_VERSION = 1;
				DEVELOPMENT_TEAM = CZAAVN9JAQ;
				GENERATE_INFOPLIST_FILE = YES;
				MARKETING_VERSION = 1.0;
				PRODUCT_BUNDLE_IDENTIFIER = "mr.barkat.swift-upUITests";
				PRODUCT_NAME = "$(TARGET_NAME)";
				SWIFT_EMIT_LOC_STRINGS = NO;
				SWIFT_VERSION = 5.0;
				TARGETED_DEVICE_FAMILY = "1,2";
				TEST_TARGET_NAME = "swift-up";
			};
			name = Debug;
		};
		073A96A02AFAB23A00317C97 /* Release */ = {
			isa = XCBuildConfiguration;
			buildSettings = {
				ALWAYS_EMBED_SWIFT_STANDARD_LIBRARIES = YES;
				CODE_SIGN_STYLE = Automatic;
				CURRENT_PROJECT_VERSION = 1;
				DEVELOPMENT_TEAM = CZAAVN9JAQ;
				GENERATE_INFOPLIST_FILE = YES;
				MARKETING_VERSION = 1.0;
				PRODUCT_BUNDLE_IDENTIFIER = "mr.barkat.swift-upUITests";
				PRODUCT_NAME = "$(TARGET_NAME)";
				SWIFT_EMIT_LOC_STRINGS = NO;
				SWIFT_VERSION = 5.0;
				TARGETED_DEVICE_FAMILY = "1,2";
				TEST_TARGET_NAME = "swift-up";
			};
			name = Release;
		};
/* End XCBuildConfiguration section */

/* Begin XCConfigurationList section */
		073A96692AFAB23500317C97 /* Build configuration list for PBXProject "swift-up" */ = {
			isa = XCConfigurationList;
			buildConfigurations = (
				073A96962AFAB23A00317C97 /* Debug */,
				073A96972AFAB23A00317C97 /* Release */,
			);
			defaultConfigurationIsVisible = 0;
			defaultConfigurationName = Release;
		};
		073A96982AFAB23A00317C97 /* Build configuration list for PBXNativeTarget "swift-up" */ = {
			isa = XCConfigurationList;
			buildConfigurations = (
				073A96992AFAB23A00317C97 /* Debug */,
				073A969A2AFAB23A00317C97 /* Release */,
			);
			defaultConfigurationIsVisible = 0;
			defaultConfigurationName = Release;
		};
		073A969B2AFAB23A00317C97 /* Build configuration list for PBXNativeTarget "swift-upTests" */ = {
			isa = XCConfigurationList;
			buildConfigurations = (
				073A969C2AFAB23A00317C97 /* Debug */,
				073A969D2AFAB23A00317C97 /* Release */,
			);
			defaultConfigurationIsVisible = 0;
			defaultConfigurationName = Release;
		};
		073A969E2AFAB23A00317C97 /* Build configuration list for PBXNativeTarget "swift-upUITests" */ = {
			isa = XCConfigurationList;
			buildConfigurations = (
				073A969F2AFAB23A00317C97 /* Debug */,
				073A96A02AFAB23A00317C97 /* Release */,
			);
			defaultConfigurationIsVisible = 0;
			defaultConfigurationName = Release;
		};
/* End XCConfigurationList section */

/* Begin XCRemoteSwiftPackageReference section */
		070068BE2B10E452006E7DD6 /* XCRemoteSwiftPackageReference "swift-algorithms" */ = {
			isa = XCRemoteSwiftPackageReference;
			repositoryURL = "https://github.com/apple/swift-algorithms.git";
			requirement = {
				kind = upToNextMajorVersion;
				minimumVersion = 1.0.0;
			};
		};
		0739D2992B001DD90020C2D7 /* XCRemoteSwiftPackageReference "NVActivityIndicatorView" */ = {
			isa = XCRemoteSwiftPackageReference;
			repositoryURL = "https://github.com/ninjaprox/NVActivityIndicatorView";
			requirement = {
				branch = master;
				kind = branch;
			};
		};
		0739D50C2AFAF08E00732226 /* XCRemoteSwiftPackageReference "Alamofire" */ = {
			isa = XCRemoteSwiftPackageReference;
			repositoryURL = "https://github.com/Alamofire/Alamofire.git";
			requirement = {
				kind = exactVersion;
				version = 5.8.1;
			};
		};
		074566662B126562007A4173 /* XCRemoteSwiftPackageReference "IQKeyboardManager" */ = {
			isa = XCRemoteSwiftPackageReference;
			repositoryURL = "https://github.com/hackiftekhar/IQKeyboardManager.git";
			requirement = {
				kind = versionRange;
				maximumVersion = 6.5.0;
				minimumVersion = 6.0.0;
			};
		};
		07FD5E562AFADB3100C292E4 /* XCRemoteSwiftPackageReference "SwiftyJSON" */ = {
			isa = XCRemoteSwiftPackageReference;
			repositoryURL = "https://github.com/SwiftyJSON/SwiftyJSON.git";
			requirement = {
				kind = upToNextMinorVersion;
				minimumVersion = 5.0.0;
			};
		};
/* End XCRemoteSwiftPackageReference section */

/* Begin XCSwiftPackageProductDependency section */
		0739D29A2B001DD90020C2D7 /* NVActivityIndicatorView */ = {
			isa = XCSwiftPackageProductDependency;
			package = 0739D2992B001DD90020C2D7 /* XCRemoteSwiftPackageReference "NVActivityIndicatorView" */;
			productName = NVActivityIndicatorView;
		};
		0739D29C2B001DD90020C2D7 /* NVActivityIndicatorViewExtended */ = {
			isa = XCSwiftPackageProductDependency;
			package = 0739D2992B001DD90020C2D7 /* XCRemoteSwiftPackageReference "NVActivityIndicatorView" */;
			productName = NVActivityIndicatorViewExtended;
		};
		0739D50D2AFAF08E00732226 /* Alamofire */ = {
			isa = XCSwiftPackageProductDependency;
			package = 0739D50C2AFAF08E00732226 /* XCRemoteSwiftPackageReference "Alamofire" */;
			productName = Alamofire;
		};
		074566672B126563007A4173 /* IQKeyboardManagerSwift */ = {
			isa = XCSwiftPackageProductDependency;
			package = 074566662B126562007A4173 /* XCRemoteSwiftPackageReference "IQKeyboardManager" */;
			productName = IQKeyboardManagerSwift;
		};
		07FD5E572AFADB3200C292E4 /* SwiftyJSON */ = {
			isa = XCSwiftPackageProductDependency;
			package = 07FD5E562AFADB3100C292E4 /* XCRemoteSwiftPackageReference "SwiftyJSON" */;
			productName = SwiftyJSON;
		};
/* End XCSwiftPackageProductDependency section */
	};
	rootObject = 073A96662AFAB23500317C97 /* Project object */;
}
